{
  "name": "CokeWiki",
  "lockfileVersion": 3,
  "requires": true,
  "packages": {
    "": {
      "dependencies": {
        "simplemde": "^1.11.2"
      }
    },
    "node_modules/@codemirror/autocomplete": {
      "version": "6.17.0",
      "resolved": "https://registry.npmjs.org/@codemirror/autocomplete/-/autocomplete-6.17.0.tgz",
      "integrity": "sha512-fdfj6e6ZxZf8yrkMHUSJJir7OJkHkZKaOZGzLWIYp2PZ3jd+d+UjG8zVPqJF6d3bKxkhvXTPan/UZ1t7Bqm0gA==",
      "dependencies": {
        "@codemirror/language": "^6.0.0",
        "@codemirror/state": "^6.0.0",
        "@codemirror/view": "^6.17.0",
        "@lezer/common": "^1.0.0"
      },
      "peerDependencies": {
        "@codemirror/language": "^6.0.0",
        "@codemirror/state": "^6.0.0",
        "@codemirror/view": "^6.0.0",
        "@lezer/common": "^1.0.0"
      }
    },
    "node_modules/@codemirror/commands": {
      "version": "6.6.0",
      "resolved": "https://registry.npmjs.org/@codemirror/commands/-/commands-6.6.0.tgz",
      "integrity": "sha512-qnY+b7j1UNcTS31Eenuc/5YJB6gQOzkUoNmJQc0rznwqSRpeaWWpjkWy2C/MPTcePpsKJEM26hXrOXl1+nceXg==",
      "dependencies": {
        "@codemirror/language": "^6.0.0",
        "@codemirror/state": "^6.4.0",
        "@codemirror/view": "^6.27.0",
        "@lezer/common": "^1.1.0"
      }
    },
    "node_modules/@codemirror/language": {
      "version": "6.10.2",
      "resolved": "https://registry.npmjs.org/@codemirror/language/-/language-6.10.2.tgz",
      "integrity": "sha512-kgbTYTo0Au6dCSc/TFy7fK3fpJmgHDv1sG1KNQKJXVi+xBTEeBPY/M30YXiU6mMXeH+YIDLsbrT4ZwNRdtF+SA==",
      "dependencies": {
        "@codemirror/state": "^6.0.0",
        "@codemirror/view": "^6.23.0",
        "@lezer/common": "^1.1.0",
        "@lezer/highlight": "^1.0.0",
        "@lezer/lr": "^1.0.0",
        "style-mod": "^4.0.0"
      }
    },
    "node_modules/@codemirror/lint": {
      "version": "6.8.1",
      "resolved": "https://registry.npmjs.org/@codemirror/lint/-/lint-6.8.1.tgz",
      "integrity": "sha512-IZ0Y7S4/bpaunwggW2jYqwLuHj0QtESf5xcROewY6+lDNwZ/NzvR4t+vpYgg9m7V8UXLPYqG+lu3DF470E5Oxg==",
      "dependencies": {
        "@codemirror/state": "^6.0.0",
        "@codemirror/view": "^6.0.0",
        "crelt": "^1.0.5"
      }
    },
    "node_modules/@codemirror/search": {
      "version": "6.5.6",
      "resolved": "https://registry.npmjs.org/@codemirror/search/-/search-6.5.6.tgz",
      "integrity": "sha512-rpMgcsh7o0GuCDUXKPvww+muLA1pDJaFrpq/CCHtpQJYz8xopu4D1hPcKRoDD0YlF8gZaqTNIRa4VRBWyhyy7Q==",
      "dependencies": {
        "@codemirror/state": "^6.0.0",
        "@codemirror/view": "^6.0.0",
        "crelt": "^1.0.5"
      }
    },
    "node_modules/@codemirror/state": {
      "version": "6.4.1",
      "resolved": "https://registry.npmjs.org/@codemirror/state/-/state-6.4.1.tgz",
      "integrity": "sha512-QkEyUiLhsJoZkbumGZlswmAhA7CBU02Wrz7zvH4SrcifbsqwlXShVXg65f3v/ts57W3dqyamEriMhij1Z3Zz4A=="
    },
    "node_modules/@codemirror/view": {
      "version": "6.28.6",
      "resolved": "https://registry.npmjs.org/@codemirror/view/-/view-6.28.6.tgz",
      "integrity": "sha512-bhwB1AZ6zU4M3dNKm8Aa2BXwj5mWDqE9IWpqxYKJoLCnx+AcwcMuLO01tLWgc1mx4vT1IVYVqx86YoqUsATrqQ==",
      "dependencies": {
        "@codemirror/state": "^6.4.0",
        "style-mod": "^4.1.0",
        "w3c-keyname": "^2.2.4"
      }
    },
    "node_modules/@lezer/common": {
      "version": "1.2.1",
      "resolved": "https://registry.npmjs.org/@lezer/common/-/common-1.2.1.tgz",
      "integrity": "sha512-yemX0ZD2xS/73llMZIK6KplkjIjf2EvAHcinDi/TfJ9hS25G0388+ClHt6/3but0oOxinTcQHJLDXh6w1crzFQ=="
    },
    "node_modules/@lezer/highlight": {
      "version": "1.2.0",
      "resolved": "https://registry.npmjs.org/@lezer/highlight/-/highlight-1.2.0.tgz",
      "integrity": "sha512-WrS5Mw51sGrpqjlh3d4/fOwpEV2Hd3YOkp9DBt4k8XZQcoTHZFB7sx030A6OcahF4J1nDQAa3jXlTVVYH50IFA==",
      "dependencies": {
        "@lezer/common": "^1.0.0"
      }
    },
    "node_modules/@lezer/lr": {
      "version": "1.4.1",
      "resolved": "https://registry.npmjs.org/@lezer/lr/-/lr-1.4.1.tgz",
      "integrity": "sha512-CHsKq8DMKBf9b3yXPDIU4DbH+ZJd/sJdYOW2llbW/HudP5u0VS6Bfq1hLYfgU7uAYGFIyGGQIsSOXGPEErZiJw==",
      "dependencies": {
        "@lezer/common": "^1.0.0"
      }
    },
    "node_modules/codemirror": {
      "version": "6.0.1",
      "resolved": "https://registry.npmjs.org/codemirror/-/codemirror-6.0.1.tgz",
      "integrity": "sha512-J8j+nZ+CdWmIeFIGXEFbFPtpiYacFMDR8GlHK3IyHQJMCaVRfGx9NT+Hxivv1ckLWPvNdZqndbr/7lVhrf/Svg==",
      "dependencies": {
        "@codemirror/autocomplete": "^6.0.0",
        "@codemirror/commands": "^6.0.0",
        "@codemirror/language": "^6.0.0",
        "@codemirror/lint": "^6.0.0",
        "@codemirror/search": "^6.0.0",
        "@codemirror/state": "^6.0.0",
        "@codemirror/view": "^6.0.0"
      }
    },
    "node_modules/codemirror-spell-checker": {
      "version": "1.1.2",
      "resolved": "https://registry.npmjs.org/codemirror-spell-checker/-/codemirror-spell-checker-1.1.2.tgz",
      "integrity": "sha512-2Tl6n0v+GJRsC9K3MLCdLaMOmvWL0uukajNJseorZJsslaxZyZMgENocPU8R0DyoTAiKsyqiemSOZo7kjGV0LQ==",
      "dependencies": {
        "typo-js": "*"
      }
    },
    "node_modules/crelt": {
      "version": "1.0.6",
      "resolved": "https://registry.npmjs.org/crelt/-/crelt-1.0.6.tgz",
      "integrity": "sha512-VQ2MBenTq1fWZUH9DJNGti7kKv6EeAuYr3cLwxUWhIu1baTaXh4Ib5W2CqHVqib4/MqbYGJqiL3Zb8GJZr3l4g=="
    },
    "node_modules/marked": {
      "version": "13.0.2",
      "resolved": "https://registry.npmjs.org/marked/-/marked-13.0.2.tgz",
      "integrity": "sha512-J6CPjP8pS5sgrRqxVRvkCIkZ6MFdRIjDkwUwgJ9nL2fbmM6qGQeB2C16hi8Cc9BOzj6xXzy0jyi0iPIfnMHYzA==",
      "bin": {
        "marked": "bin/marked.js"
      },
      "engines": {
        "node": ">= 18"
      }
    },
    "node_modules/simplemde": {
      "version": "1.11.2",
      "resolved": "https://registry.npmjs.org/simplemde/-/simplemde-1.11.2.tgz",
      "integrity": "sha512-AUXuHJ/tEEDEcN/MTitHIw3AuBcheizJt7SVwtyn00B0UK5RKZ3GB+JndmRcJ5wfYGCIL0O2yJm/uz0sJOFSLg==",
      "dependencies": {
        "codemirror": "*",
        "codemirror-spell-checker": "*",
        "marked": "*"
      }
    },
    "node_modules/style-mod": {
      "version": "4.1.2",
      "resolved": "https://registry.npmjs.org/style-mod/-/style-mod-4.1.2.tgz",
      "integrity": "sha512-wnD1HyVqpJUI2+eKZ+eo1UwghftP6yuFheBqqe+bWCotBjC2K1YnteJILRMs3SM4V/0dLEW1SC27MWP5y+mwmw=="
    },
    "node_modules/typo-js": {
      "version": "1.2.4",
      "resolved": "https://registry.npmjs.org/typo-js/-/typo-js-1.2.4.tgz",
      "integrity": "sha512-Oy/k+tFle5NAA3J/yrrYGfvEnPVrDZ8s8/WCwjUE75k331QyKIsFss7byQ/PzBmXLY6h1moRnZbnaxWBe3I3CA=="
    },
    "node_modules/w3c-keyname": {
      "version": "2.2.8",
      "resolved": "https://registry.npmjs.org/w3c-keyname/-/w3c-keyname-2.2.8.tgz",
      "integrity": "sha512-dpojBhNsCNN7T82Tm7k26A6G9ML3NkhDsnw9n/eoxSRlVBB4CEtIQ/KTCLI2Fwf3ataSXRhYFkQi3SlnFwPvPQ=="
    }
  }
}
